// !$*UTF8*$!
{
	archiveVersion = 1;
	classes = {
	};
	objectVersion = 50;
	objects = {

/* Begin PBXBuildFile section */
		E31A2A2626438F6C00C076D8 /* main.cpp in Sources */ = {isa = PBXBuildFile; fileRef = E31A2A2526438F6C00C076D8 /* main.cpp */; };
		E31A2A2F2643937600C076D8 /* OriginDestinationPair.cpp in Sources */ = {isa = PBXBuildFile; fileRef = E31A2A2D2643937600C076D8 /* OriginDestinationPair.cpp */; };
		E31A2A332643939100C076D8 /* NetworkInitialize.cpp in Sources */ = {isa = PBXBuildFile; fileRef = E31A2A312643939100C076D8 /* NetworkInitialize.cpp */; };
		E31A2A6E2644CF5C00C076D8 /* Link.cpp in Sources */ = {isa = PBXBuildFile; fileRef = E31A2A6C2644CF5C00C076D8 /* Link.cpp */; };
		E31A2A722644D05800C076D8 /* State.cpp in Sources */ = {isa = PBXBuildFile; fileRef = E31A2A702644D05800C076D8 /* State.cpp */; };
		E31A2A77264531F900C076D8 /* Match.cpp in Sources */ = {isa = PBXBuildFile; fileRef = E31A2A75264531F900C076D8 /* Match.cpp */; };
		E31A2A9026481CB300C076D8 /* NetworkModelCalculate.cpp in Sources */ = {isa = PBXBuildFile; fileRef = E31A2A8F26481CB200C076D8 /* NetworkModelCalculate.cpp */; };
/* End PBXBuildFile section */

/* Begin PBXCopyFilesBuildPhase section */
		E31A2A2026438F6C00C076D8 /* CopyFiles */ = {
			isa = PBXCopyFilesBuildPhase;
			buildActionMask = 2147483647;
			dstPath = /usr/share/man/man1/;
			dstSubfolderSpec = 0;
			files = (
			);
			runOnlyForDeploymentPostprocessing = 1;
		};
/* End PBXCopyFilesBuildPhase section */

/* Begin PBXFileReference section */
		E31A2A2226438F6C00C076D8 /* Ridesharing-Matching-Prediction */ = {isa = PBXFileReference; explicitFileType = "compiled.mach-o.executable"; includeInIndex = 0; path = "Ridesharing-Matching-Prediction"; sourceTree = BUILT_PRODUCTS_DIR; };
		E31A2A2526438F6C00C076D8 /* main.cpp */ = {isa = PBXFileReference; lastKnownFileType = sourcecode.cpp.cpp; path = main.cpp; sourceTree = "<group>"; };
		E31A2A2D2643937600C076D8 /* OriginDestinationPair.cpp */ = {isa = PBXFileReference; lastKnownFileType = sourcecode.cpp.cpp; path = OriginDestinationPair.cpp; sourceTree = "<group>"; };
		E31A2A2E2643937600C076D8 /* OriginDestinationPair.hpp */ = {isa = PBXFileReference; lastKnownFileType = sourcecode.cpp.h; path = OriginDestinationPair.hpp; sourceTree = "<group>"; };
		E31A2A312643939100C076D8 /* NetworkInitialize.cpp */ = {isa = PBXFileReference; lastKnownFileType = sourcecode.cpp.cpp; path = NetworkInitialize.cpp; sourceTree = "<group>"; };
		E31A2A322643939100C076D8 /* Network.hpp */ = {isa = PBXFileReference; lastKnownFileType = sourcecode.cpp.h; path = Network.hpp; sourceTree = "<group>"; };
		E31A2A6C2644CF5C00C076D8 /* Link.cpp */ = {isa = PBXFileReference; lastKnownFileType = sourcecode.cpp.cpp; path = Link.cpp; sourceTree = "<group>"; };
		E31A2A6D2644CF5C00C076D8 /* Link.hpp */ = {isa = PBXFileReference; lastKnownFileType = sourcecode.cpp.h; path = Link.hpp; sourceTree = "<group>"; };
		E31A2A702644D05800C076D8 /* State.cpp */ = {isa = PBXFileReference; lastKnownFileType = sourcecode.cpp.cpp; path = State.cpp; sourceTree = "<group>"; };
		E31A2A712644D05800C076D8 /* State.hpp */ = {isa = PBXFileReference; lastKnownFileType = sourcecode.cpp.h; path = State.hpp; sourceTree = "<group>"; };
		E31A2A75264531F900C076D8 /* Match.cpp */ = {isa = PBXFileReference; lastKnownFileType = sourcecode.cpp.cpp; path = Match.cpp; sourceTree = "<group>"; };
		E31A2A76264531F900C076D8 /* Match.hpp */ = {isa = PBXFileReference; lastKnownFileType = sourcecode.cpp.h; path = Match.hpp; sourceTree = "<group>"; };
		E31A2A8F26481CB200C076D8 /* NetworkModelCalculate.cpp */ = {isa = PBXFileReference; lastKnownFileType = sourcecode.cpp.cpp; path = NetworkModelCalculate.cpp; sourceTree = "<group>"; };
/* End PBXFileReference section */

/* Begin PBXFrameworksBuildPhase section */
		E31A2A1F26438F6C00C076D8 /* Frameworks */ = {
			isa = PBXFrameworksBuildPhase;
			buildActionMask = 2147483647;
			files = (
			);
			runOnlyForDeploymentPostprocessing = 0;
		};
/* End PBXFrameworksBuildPhase section */

/* Begin PBXGroup section */
		E31A2A1926438F6C00C076D8 = {
			isa = PBXGroup;
			children = (
				E31A2A2426438F6C00C076D8 /* Ridesharing-Matching-Prediction */,
				E31A2A2326438F6C00C076D8 /* Products */,
			);
			sourceTree = "<group>";
		};
		E31A2A2326438F6C00C076D8 /* Products */ = {
			isa = PBXGroup;
			children = (
				E31A2A2226438F6C00C076D8 /* Ridesharing-Matching-Prediction */,
			);
			name = Products;
			sourceTree = "<group>";
		};
		E31A2A2426438F6C00C076D8 /* Ridesharing-Matching-Prediction */ = {
			isa = PBXGroup;
			children = (
				E31A2A6C2644CF5C00C076D8 /* Link.cpp */,
				E31A2A2526438F6C00C076D8 /* main.cpp */,
				E31A2A75264531F900C076D8 /* Match.cpp */,
				E31A2A312643939100C076D8 /* NetworkInitialize.cpp */,
				E31A2A2D2643937600C076D8 /* OriginDestinationPair.cpp */,
				E31A2A702644D05800C076D8 /* State.cpp */,
				E31A2A6D2644CF5C00C076D8 /* Link.hpp */,
				E31A2A76264531F900C076D8 /* Match.hpp */,
				E31A2A322643939100C076D8 /* Network.hpp */,
				E31A2A2E2643937600C076D8 /* OriginDestinationPair.hpp */,
				E31A2A712644D05800C076D8 /* State.hpp */,
				E31A2A8F26481CB200C076D8 /* NetworkModelCalculate.cpp */,
			);
			path = "Ridesharing-Matching-Prediction";
			sourceTree = "<group>";
		};
/* End PBXGroup section */

/* Begin PBXNativeTarget section */
		E31A2A2126438F6C00C076D8 /* Ridesharing-Matching-Prediction */ = {
			isa = PBXNativeTarget;
			buildConfigurationList = E31A2A2926438F6C00C076D8 /* Build configuration list for PBXNativeTarget "Ridesharing-Matching-Prediction" */;
			buildPhases = (
				E31A2A1E26438F6C00C076D8 /* Sources */,
				E31A2A1F26438F6C00C076D8 /* Frameworks */,
				E31A2A2026438F6C00C076D8 /* CopyFiles */,
			);
			buildRules = (
			);
			dependencies = (
			);
			name = "Ridesharing-Matching-Prediction";
			productName = "Ridesharing-Matching-Prediction";
			productReference = E31A2A2226438F6C00C076D8 /* Ridesharing-Matching-Prediction */;
			productType = "com.apple.product-type.tool";
		};
/* End PBXNativeTarget section */

/* Begin PBXProject section */
		E31A2A1A26438F6C00C076D8 /* Project object */ = {
			isa = PBXProject;
			attributes = {
				LastUpgradeCheck = 1240;
				TargetAttributes = {
					E31A2A2126438F6C00C076D8 = {
						CreatedOnToolsVersion = 12.4;
					};
				};
			};
			buildConfigurationList = E31A2A1D26438F6C00C076D8 /* Build configuration list for PBXProject "Ridesharing-Matching-Prediction" */;
			compatibilityVersion = "Xcode 9.3";
			developmentRegion = en;
			hasScannedForEncodings = 0;
			knownRegions = (
				en,
				Base,
			);
			mainGroup = E31A2A1926438F6C00C076D8;
			productRefGroup = E31A2A2326438F6C00C076D8 /* Products */;
			projectDirPath = "";
			projectRoot = "";
			targets = (
				E31A2A2126438F6C00C076D8 /* Ridesharing-Matching-Prediction */,
			);
		};
/* End PBXProject section */

/* Begin PBXSourcesBuildPhase section */
		E31A2A1E26438F6C00C076D8 /* Sources */ = {
			isa = PBXSourcesBuildPhase;
			buildActionMask = 2147483647;
			files = (
				E31A2A2F2643937600C076D8 /* OriginDestinationPair.cpp in Sources */,
				E31A2A77264531F900C076D8 /* Match.cpp in Sources */,
				E31A2A332643939100C076D8 /* NetworkInitialize.cpp in Sources */,
				E31A2A722644D05800C076D8 /* State.cpp in Sources */,
				E31A2A2626438F6C00C076D8 /* main.cpp in Sources */,
				E31A2A6E2644CF5C00C076D8 /* Link.cpp in Sources */,
				E31A2A9026481CB300C076D8 /* NetworkModelCalculate.cpp in Sources */,
			);
			runOnlyForDeploymentPostprocessing = 0;
		};
/* End PBXSourcesBuildPhase section */

/* Begin XCBuildConfiguration section */
		E31A2A2726438F6C00C076D8 /* Debug */ = {
			isa = XCBuildConfiguration;
			buildSettings = {
				ALWAYS_SEARCH_USER_PATHS = NO;
				CLANG_ANALYZER_NONNULL = YES;
				CLANG_ANALYZER_NUMBER_OBJECT_CONVERSION = YES_AGGRESSIVE;
				CLANG_CXX_LANGUAGE_STANDARD = "gnu++14";
				CLANG_CXX_LIBRARY = "libc++";
				CLANG_ENABLE_MODULES = YES;
				CLANG_ENABLE_OBJC_ARC = YES;
				CLANG_ENABLE_OBJC_WEAK = YES;
				CLANG_WARN_BLOCK_CAPTURE_AUTORELEASING = YES;
				CLANG_WARN_BOOL_CONVERSION = YES;
				CLANG_WARN_COMMA = YES;
				CLANG_WARN_CONSTANT_CONVERSION = YES;
				CLANG_WARN_DEPRECATED_OBJC_IMPLEMENTATIONS = YES;
				CLANG_WARN_DIRECT_OBJC_ISA_USAGE = YES_ERROR;
				CLANG_WARN_DOCUMENTATION_COMMENTS = YES;
				CLANG_WARN_EMPTY_BODY = YES;
				CLANG_WARN_ENUM_CONVERSION = YES;
				CLANG_WARN_INFINITE_RECURSION = YES;
				CLANG_WARN_INT_CONVERSION = YES;
				CLANG_WARN_NON_LITERAL_NULL_CONVERSION = YES;
				CLANG_WARN_OBJC_IMPLICIT_RETAIN_SELF = YES;
				CLANG_WARN_OBJC_LITERAL_CONVERSION = YES;
				CLANG_WARN_OBJC_ROOT_CLASS = YES_ERROR;
				CLANG_WARN_QUOTED_INCLUDE_IN_FRAMEWORK_HEADER = YES;
				CLANG_WARN_RANGE_LOOP_ANALYSIS = YES;
				CLANG_WARN_STRICT_PROTOTYPES = YES;
				CLANG_WARN_SUSPICIOUS_MOVE = YES;
				CLANG_WARN_UNGUARDED_AVAILABILITY = YES_AGGRESSIVE;
				CLANG_WARN_UNREACHABLE_CODE = YES;
				CLANG_WARN__DUPLICATE_METHOD_MATCH = YES;
				COPY_PHASE_STRIP = NO;
				DEBUG_INFORMATION_FORMAT = dwarf;
				ENABLE_STRICT_OBJC_MSGSEND = YES;
				ENABLE_TESTABILITY = YES;
				GCC_C_LANGUAGE_STANDARD = gnu11;
				GCC_DYNAMIC_NO_PIC = NO;
				GCC_NO_COMMON_BLOCKS = YES;
				GCC_OPTIMIZATION_LEVEL = 0;
				GCC_PREPROCESSOR_DEFINITIONS = (
					"DEBUG=1",
					"$(inherited)",
				);
				GCC_WARN_64_TO_32_BIT_CONVERSION = YES;
				GCC_WARN_ABOUT_RETURN_TYPE = YES_ERROR;
				GCC_WARN_UNDECLARED_SELECTOR = YES;
				GCC_WARN_UNINITIALIZED_AUTOS = YES_AGGRESSIVE;
				GCC_WARN_UNUSED_FUNCTION = YES;
				GCC_WARN_UNUSED_VARIABLE = YES;
				MACOSX_DEPLOYMENT_TARGET = 10.15;
				MTL_ENABLE_DEBUG_INFO = INCLUDE_SOURCE;
				MTL_FAST_MATH = YES;
				ONLY_ACTIVE_ARCH = YES;
				SDKROOT = macosx;
			};
			name = Debug;
		};
		E31A2A2826438F6C00C076D8 /* Release */ = {
			isa = XCBuildConfiguration;
			buildSettings = {
				ALWAYS_SEARCH_USER_PATHS = NO;
				CLANG_ANALYZER_NONNULL = YES;
				CLANG_ANALYZER_NUMBER_OBJECT_CONVERSION = YES_AGGRESSIVE;
				CLANG_CXX_LANGUAGE_STANDARD = "gnu++14";
				CLANG_CXX_LIBRARY = "libc++";
				CLANG_ENABLE_MODULES = YES;
				CLANG_ENABLE_OBJC_ARC = YES;
				CLANG_ENABLE_OBJC_WEAK = YES;
				CLANG_WARN_BLOCK_CAPTURE_AUTORELEASING = YES;
				CLANG_WARN_BOOL_CONVERSION = YES;
				CLANG_WARN_COMMA = YES;
				CLANG_WARN_CONSTANT_CONVERSION = YES;
				CLANG_WARN_DEPRECATED_OBJC_IMPLEMENTATIONS = YES;
				CLANG_WARN_DIRECT_OBJC_ISA_USAGE = YES_ERROR;
				CLANG_WARN_DOCUMENTATION_COMMENTS = YES;
				CLANG_WARN_EMPTY_BODY = YES;
				CLANG_WARN_ENUM_CONVERSION = YES;
				CLANG_WARN_INFINITE_RECURSION = YES;
				CLANG_WARN_INT_CONVERSION = YES;
				CLANG_WARN_NON_LITERAL_NULL_CONVERSION = YES;
				CLANG_WARN_OBJC_IMPLICIT_RETAIN_SELF = YES;
				CLANG_WARN_OBJC_LITERAL_CONVERSION = YES;
				CLANG_WARN_OBJC_ROOT_CLASS = YES_ERROR;
				CLANG_WARN_QUOTED_INCLUDE_IN_FRAMEWORK_HEADER = YES;
				CLANG_WARN_RANGE_LOOP_ANALYSIS = YES;
				CLANG_WARN_STRICT_PROTOTYPES = YES;
				CLANG_WARN_SUSPICIOUS_MOVE = YES;
				CLANG_WARN_UNGUARDED_AVAILABILITY = YES_AGGRESSIVE;
				CLANG_WARN_UNREACHABLE_CODE = YES;
				CLANG_WARN__DUPLICATE_METHOD_MATCH = YES;
				COPY_PHASE_STRIP = NO;
				DEBUG_INFORMATION_FORMAT = "dwarf-with-dsym";
				ENABLE_NS_ASSERTIONS = NO;
				ENABLE_STRICT_OBJC_MSGSEND = YES;
				GCC_C_LANGUAGE_STANDARD = gnu11;
				GCC_NO_COMMON_BLOCKS = YES;
				GCC_WARN_64_TO_32_BIT_CONVERSION = YES;
				GCC_WARN_ABOUT_RETURN_TYPE = YES_ERROR;
				GCC_WARN_UNDECLARED_SELECTOR = YES;
				GCC_WARN_UNINITIALIZED_AUTOS = YES_AGGRESSIVE;
				GCC_WARN_UNUSED_FUNCTION = YES;
				GCC_WARN_UNUSED_VARIABLE = YES;
				MACOSX_DEPLOYMENT_TARGET = 10.15;
				MTL_ENABLE_DEBUG_INFO = NO;
				MTL_FAST_MATH = YES;
				SDKROOT = macosx;
			};
			name = Release;
		};
		E31A2A2A26438F6C00C076D8 /* Debug */ = {
			isa = XCBuildConfiguration;
			buildSettings = {
				CODE_SIGN_STYLE = Automatic;
				PRODUCT_NAME = "$(TARGET_NAME)";
			};
			name = Debug;
		};
		E31A2A2B26438F6C00C076D8 /* Release */ = {
			isa = XCBuildConfiguration;
			buildSettings = {
				CODE_SIGN_STYLE = Automatic;
				PRODUCT_NAME = "$(TARGET_NAME)";
			};
			name = Release;
		};
/* End XCBuildConfiguration section */

/* Begin XCConfigurationList section */
		E31A2A1D26438F6C00C076D8 /* Build configuration list for PBXProject "Ridesharing-Matching-Prediction" */ = {
			isa = XCConfigurationList;
			buildConfigurations = (
				E31A2A2726438F6C00C076D8 /* Debug */,
				E31A2A2826438F6C00C076D8 /* Release */,
			);
			defaultConfigurationIsVisible = 0;
			defaultConfigurationName = Release;
		};
		E31A2A2926438F6C00C076D8 /* Build configuration list for PBXNativeTarget "Ridesharing-Matching-Prediction" */ = {
			isa = XCConfigurationList;
			buildConfigurations = (
				E31A2A2A26438F6C00C076D8 /* Debug */,
				E31A2A2B26438F6C00C076D8 /* Release */,
			);
			defaultConfigurationIsVisible = 0;
			defaultConfigurationName = Release;
		};
/* End XCConfigurationList section */
	};
	rootObject = E31A2A1A26438F6C00C076D8 /* Project object */;
}
